// !$*UTF8*$!
{
	archiveVersion = 1;
	classes = {
	};
	objectVersion = 46;
	objects = {

/* Begin PBXBuildFile section */
		526EB9ED410A4643AE3635EF /* libPods.a in Frameworks */ = {isa = PBXBuildFile; fileRef = 2682C78B82C146F5833F42C0 /* libPods.a */; };
		A706D44F18D8AE3400CAC3FF /* Foundation.framework in Frameworks */ = {isa = PBXBuildFile; fileRef = A706D44E18D8AE3400CAC3FF /* Foundation.framework */; };
		A706D45118D8AE3400CAC3FF /* CoreGraphics.framework in Frameworks */ = {isa = PBXBuildFile; fileRef = A706D45018D8AE3400CAC3FF /* CoreGraphics.framework */; };
		A706D45318D8AE3400CAC3FF /* UIKit.framework in Frameworks */ = {isa = PBXBuildFile; fileRef = A706D45218D8AE3400CAC3FF /* UIKit.framework */; };
		A706D45918D8AE3400CAC3FF /* InfoPlist.strings in Resources */ = {isa = PBXBuildFile; fileRef = A706D45718D8AE3400CAC3FF /* InfoPlist.strings */; };
		A706D45B18D8AE3400CAC3FF /* main.m in Sources */ = {isa = PBXBuildFile; fileRef = A706D45A18D8AE3400CAC3FF /* main.m */; };
		A706D45F18D8AE3400CAC3FF /* DWAppDelegate.m in Sources */ = {isa = PBXBuildFile; fileRef = A706D45E18D8AE3400CAC3FF /* DWAppDelegate.m */; };
		A706D46118D8AE3400CAC3FF /* Images.xcassets in Resources */ = {isa = PBXBuildFile; fileRef = A706D46018D8AE3400CAC3FF /* Images.xcassets */; };
		A706D46818D8AE3400CAC3FF /* XCTest.framework in Frameworks */ = {isa = PBXBuildFile; fileRef = A706D46718D8AE3400CAC3FF /* XCTest.framework */; };
		A706D46918D8AE3400CAC3FF /* Foundation.framework in Frameworks */ = {isa = PBXBuildFile; fileRef = A706D44E18D8AE3400CAC3FF /* Foundation.framework */; };
		A706D46A18D8AE3400CAC3FF /* UIKit.framework in Frameworks */ = {isa = PBXBuildFile; fileRef = A706D45218D8AE3400CAC3FF /* UIKit.framework */; };
		A706D47218D8AE3400CAC3FF /* InfoPlist.strings in Resources */ = {isa = PBXBuildFile; fileRef = A706D47018D8AE3400CAC3FF /* InfoPlist.strings */; };
		A706D47418D8AE3400CAC3FF /* CuewerTests.m in Sources */ = {isa = PBXBuildFile; fileRef = A706D47318D8AE3400CAC3FF /* CuewerTests.m */; };
		A706D48118D8AEB200CAC3FF /* DWViewController.m in Sources */ = {isa = PBXBuildFile; fileRef = A706D48018D8AEB200CAC3FF /* DWViewController.m */; };
		A706D48318D8AED700CAC3FF /* DWViewController.xib in Resources */ = {isa = PBXBuildFile; fileRef = A706D48218D8AED700CAC3FF /* DWViewController.xib */; };
		A7070EC3190D9D830030F7D0 /* DWSettingsViewController.m in Sources */ = {isa = PBXBuildFile; fileRef = A7070EC1190D9D830030F7D0 /* DWSettingsViewController.m */; };
		A7070EC4190D9D830030F7D0 /* DWSettingsViewController.xib in Resources */ = {isa = PBXBuildFile; fileRef = A7070EC2190D9D830030F7D0 /* DWSettingsViewController.xib */; };
		A735565D18EC67F900DEE406 /* DWHomeViewController.m in Sources */ = {isa = PBXBuildFile; fileRef = A735565B18EC67F900DEE406 /* DWHomeViewController.m */; };
		A735565E18EC67F900DEE406 /* DWHomeViewController.xib in Resources */ = {isa = PBXBuildFile; fileRef = A735565C18EC67F900DEE406 /* DWHomeViewController.xib */; };
		A735566118EC68C500DEE406 /* CellView.xib in Resources */ = {isa = PBXBuildFile; fileRef = A735566018EC68C500DEE406 /* CellView.xib */; };
		A767567418D8B63C00897E3C /* SignUpViewController.m in Sources */ = {isa = PBXBuildFile; fileRef = A767567218D8B63C00897E3C /* SignUpViewController.m */; };
		A767567518D8B63C00897E3C /* SignUpViewController.xib in Resources */ = {isa = PBXBuildFile; fileRef = A767567318D8B63C00897E3C /* SignUpViewController.xib */; };
		A7CC7FFD18F44D7D00E94E1C /* DWContactsViewController.m in Sources */ = {isa = PBXBuildFile; fileRef = A7CC7FFB18F44D7D00E94E1C /* DWContactsViewController.m */; };
		A7CC7FFE18F44D7D00E94E1C /* DWContactsViewController.xib in Resources */ = {isa = PBXBuildFile; fileRef = A7CC7FFC18F44D7D00E94E1C /* DWContactsViewController.xib */; };
		A7CC800218F45C9C00E94E1C /* DWAskViewController.m in Sources */ = {isa = PBXBuildFile; fileRef = A7CC800018F45C9C00E94E1C /* DWAskViewController.m */; };
		A7CC800318F45C9C00E94E1C /* DWAskViewController.xib in Resources */ = {isa = PBXBuildFile; fileRef = A7CC800118F45C9C00E94E1C /* DWAskViewController.xib */; };
		C35016CC18E303C00075D812 /* FacebookSDK.framework in Frameworks */ = {isa = PBXBuildFile; fileRef = C35016CB18E303C00075D812 /* FacebookSDK.framework */; };
		FF426D41190EAE2600A5D6A6 /* DWUtils.m in Sources */ = {isa = PBXBuildFile; fileRef = FF426D40190EAE2600A5D6A6 /* DWUtils.m */; };
		FF426D4A190EB74900A5D6A6 /* DWUserDefaults.m in Sources */ = {isa = PBXBuildFile; fileRef = FF426D49190EB74900A5D6A6 /* DWUserDefaults.m */; };
		FF426D4E190EC1AA00A5D6A6 /* DWVerifyAccountViewController.m in Sources */ = {isa = PBXBuildFile; fileRef = FF426D4C190EC1AA00A5D6A6 /* DWVerifyAccountViewController.m */; };
		FF426D4F190EC1AA00A5D6A6 /* DWVerifyAccountViewController.xib in Resources */ = {isa = PBXBuildFile; fileRef = FF426D4D190EC1AA00A5D6A6 /* DWVerifyAccountViewController.xib */; };
		FF5A99CE190EFC6300258487 /* ContactObject.m in Sources */ = {isa = PBXBuildFile; fileRef = FF5A99CD190EFC6300258487 /* ContactObject.m */; };
		FF5A99D1190F7F0800258487 /* cuewer58.png in Resources */ = {isa = PBXBuildFile; fileRef = FF5A99D0190F7F0800258487 /* cuewer58.png */; };
		FF83BD5818EB371E003DD9A6 /* VerifyNet.m in Sources */ = {isa = PBXBuildFile; fileRef = FF83BD5718EB371E003DD9A6 /* VerifyNet.m */; };
		FFEB05FF18E61D0B0057CAB9 /* FacebookSDK.framework in Frameworks */ = {isa = PBXBuildFile; fileRef = FFEB05FE18E61D0B0057CAB9 /* FacebookSDK.framework */; };
/* End PBXBuildFile section */

/* Begin PBXContainerItemProxy section */
		A706D46B18D8AE3400CAC3FF /* PBXContainerItemProxy */ = {
			isa = PBXContainerItemProxy;
			containerPortal = A706D44318D8AE3400CAC3FF /* Project object */;
			proxyType = 1;
			remoteGlobalIDString = A706D44A18D8AE3400CAC3FF;
			remoteInfo = Cuewer;
		};
/* End PBXContainerItemProxy section */

/* Begin PBXFileReference section */
		2682C78B82C146F5833F42C0 /* libPods.a */ = {isa = PBXFileReference; explicitFileType = archive.ar; includeInIndex = 0; path = libPods.a; sourceTree = BUILT_PRODUCTS_DIR; };
		A706D44B18D8AE3400CAC3FF /* Cuewer.app */ = {isa = PBXFileReference; explicitFileType = wrapper.application; includeInIndex = 0; path = Cuewer.app; sourceTree = BUILT_PRODUCTS_DIR; };
		A706D44E18D8AE3400CAC3FF /* Foundation.framework */ = {isa = PBXFileReference; lastKnownFileType = wrapper.framework; name = Foundation.framework; path = System/Library/Frameworks/Foundation.framework; sourceTree = SDKROOT; };
		A706D45018D8AE3400CAC3FF /* CoreGraphics.framework */ = {isa = PBXFileReference; lastKnownFileType = wrapper.framework; name = CoreGraphics.framework; path = System/Library/Frameworks/CoreGraphics.framework; sourceTree = SDKROOT; };
		A706D45218D8AE3400CAC3FF /* UIKit.framework */ = {isa = PBXFileReference; lastKnownFileType = wrapper.framework; name = UIKit.framework; path = System/Library/Frameworks/UIKit.framework; sourceTree = SDKROOT; };
		A706D45618D8AE3400CAC3FF /* Cuewer-Info.plist */ = {isa = PBXFileReference; lastKnownFileType = text.plist.xml; path = "Cuewer-Info.plist"; sourceTree = "<group>"; };
		A706D45818D8AE3400CAC3FF /* en */ = {isa = PBXFileReference; lastKnownFileType = text.plist.strings; name = en; path = en.lproj/InfoPlist.strings; sourceTree = "<group>"; };
		A706D45A18D8AE3400CAC3FF /* main.m */ = {isa = PBXFileReference; lastKnownFileType = sourcecode.c.objc; path = main.m; sourceTree = "<group>"; };
		A706D45C18D8AE3400CAC3FF /* Cuewer-Prefix.pch */ = {isa = PBXFileReference; lastKnownFileType = sourcecode.c.h; path = "Cuewer-Prefix.pch"; sourceTree = "<group>"; };
		A706D45D18D8AE3400CAC3FF /* DWAppDelegate.h */ = {isa = PBXFileReference; lastKnownFileType = sourcecode.c.h; path = DWAppDelegate.h; sourceTree = "<group>"; };
		A706D45E18D8AE3400CAC3FF /* DWAppDelegate.m */ = {isa = PBXFileReference; lastKnownFileType = sourcecode.c.objc; path = DWAppDelegate.m; sourceTree = "<group>"; };
		A706D46018D8AE3400CAC3FF /* Images.xcassets */ = {isa = PBXFileReference; lastKnownFileType = folder.assetcatalog; path = Images.xcassets; sourceTree = "<group>"; };
		A706D46618D8AE3400CAC3FF /* CuewerTests.xctest */ = {isa = PBXFileReference; explicitFileType = wrapper.cfbundle; includeInIndex = 0; path = CuewerTests.xctest; sourceTree = BUILT_PRODUCTS_DIR; };
		A706D46718D8AE3400CAC3FF /* XCTest.framework */ = {isa = PBXFileReference; lastKnownFileType = wrapper.framework; name = XCTest.framework; path = Library/Frameworks/XCTest.framework; sourceTree = DEVELOPER_DIR; };
		A706D46F18D8AE3400CAC3FF /* CuewerTests-Info.plist */ = {isa = PBXFileReference; lastKnownFileType = text.plist.xml; path = "CuewerTests-Info.plist"; sourceTree = "<group>"; };
		A706D47118D8AE3400CAC3FF /* en */ = {isa = PBXFileReference; lastKnownFileType = text.plist.strings; name = en; path = en.lproj/InfoPlist.strings; sourceTree = "<group>"; };
		A706D47318D8AE3400CAC3FF /* CuewerTests.m */ = {isa = PBXFileReference; lastKnownFileType = sourcecode.c.objc; path = CuewerTests.m; sourceTree = "<group>"; };
		A706D47F18D8AEB200CAC3FF /* DWViewController.h */ = {isa = PBXFileReference; fileEncoding = 4; lastKnownFileType = sourcecode.c.h; path = DWViewController.h; sourceTree = "<group>"; };
		A706D48018D8AEB200CAC3FF /* DWViewController.m */ = {isa = PBXFileReference; fileEncoding = 4; lastKnownFileType = sourcecode.c.objc; path = DWViewController.m; sourceTree = "<group>"; };
		A706D48218D8AED700CAC3FF /* DWViewController.xib */ = {isa = PBXFileReference; fileEncoding = 4; lastKnownFileType = file.xib; path = DWViewController.xib; sourceTree = "<group>"; };
		A7070EC0190D9D830030F7D0 /* DWSettingsViewController.h */ = {isa = PBXFileReference; fileEncoding = 4; lastKnownFileType = sourcecode.c.h; path = DWSettingsViewController.h; sourceTree = "<group>"; };
		A7070EC1190D9D830030F7D0 /* DWSettingsViewController.m */ = {isa = PBXFileReference; fileEncoding = 4; lastKnownFileType = sourcecode.c.objc; path = DWSettingsViewController.m; sourceTree = "<group>"; };
		A7070EC2190D9D830030F7D0 /* DWSettingsViewController.xib */ = {isa = PBXFileReference; fileEncoding = 4; lastKnownFileType = file.xib; path = DWSettingsViewController.xib; sourceTree = "<group>"; };
		A735565A18EC67F900DEE406 /* DWHomeViewController.h */ = {isa = PBXFileReference; fileEncoding = 4; lastKnownFileType = sourcecode.c.h; path = DWHomeViewController.h; sourceTree = "<group>"; };
		A735565B18EC67F900DEE406 /* DWHomeViewController.m */ = {isa = PBXFileReference; fileEncoding = 4; lastKnownFileType = sourcecode.c.objc; path = DWHomeViewController.m; sourceTree = "<group>"; };
		A735565C18EC67F900DEE406 /* DWHomeViewController.xib */ = {isa = PBXFileReference; fileEncoding = 4; lastKnownFileType = file.xib; path = DWHomeViewController.xib; sourceTree = "<group>"; };
		A735566018EC68C500DEE406 /* CellView.xib */ = {isa = PBXFileReference; fileEncoding = 4; lastKnownFileType = file.xib; path = CellView.xib; sourceTree = "<group>"; };
		A767567118D8B63C00897E3C /* SignUpViewController.h */ = {isa = PBXFileReference; fileEncoding = 4; lastKnownFileType = sourcecode.c.h; path = SignUpViewController.h; sourceTree = "<group>"; };
		A767567218D8B63C00897E3C /* SignUpViewController.m */ = {isa = PBXFileReference; fileEncoding = 4; lastKnownFileType = sourcecode.c.objc; path = SignUpViewController.m; sourceTree = "<group>"; };
		A767567318D8B63C00897E3C /* SignUpViewController.xib */ = {isa = PBXFileReference; fileEncoding = 4; lastKnownFileType = file.xib; path = SignUpViewController.xib; sourceTree = "<group>"; };
		A7CC7FFA18F44D7D00E94E1C /* DWContactsViewController.h */ = {isa = PBXFileReference; fileEncoding = 4; lastKnownFileType = sourcecode.c.h; path = DWContactsViewController.h; sourceTree = "<group>"; };
		A7CC7FFB18F44D7D00E94E1C /* DWContactsViewController.m */ = {isa = PBXFileReference; fileEncoding = 4; lastKnownFileType = sourcecode.c.objc; path = DWContactsViewController.m; sourceTree = "<group>"; };
		A7CC7FFC18F44D7D00E94E1C /* DWContactsViewController.xib */ = {isa = PBXFileReference; fileEncoding = 4; lastKnownFileType = file.xib; path = DWContactsViewController.xib; sourceTree = "<group>"; };
		A7CC7FFF18F45C9C00E94E1C /* DWAskViewController.h */ = {isa = PBXFileReference; fileEncoding = 4; lastKnownFileType = sourcecode.c.h; path = DWAskViewController.h; sourceTree = "<group>"; };
		A7CC800018F45C9C00E94E1C /* DWAskViewController.m */ = {isa = PBXFileReference; fileEncoding = 4; lastKnownFileType = sourcecode.c.objc; path = DWAskViewController.m; sourceTree = "<group>"; };
		A7CC800118F45C9C00E94E1C /* DWAskViewController.xib */ = {isa = PBXFileReference; fileEncoding = 4; lastKnownFileType = file.xib; path = DWAskViewController.xib; sourceTree = "<group>"; };
		C35016CB18E303C00075D812 /* FacebookSDK.framework */ = {isa = PBXFileReference; lastKnownFileType = wrapper.framework; name = FacebookSDK.framework; path = ../../Documents/FacebookSDK/FacebookSDK.framework; sourceTree = "<group>"; };
		F043C7DF07FC4CF39BFF07FF /* Pods.xcconfig */ = {isa = PBXFileReference; includeInIndex = 1; lastKnownFileType = text.xcconfig; name = Pods.xcconfig; path = Pods/Pods.xcconfig; sourceTree = "<group>"; };
		FF426D3F190EAE2600A5D6A6 /* DWUtils.h */ = {isa = PBXFileReference; fileEncoding = 4; lastKnownFileType = sourcecode.c.h; path = DWUtils.h; sourceTree = "<group>"; };
		FF426D40190EAE2600A5D6A6 /* DWUtils.m */ = {isa = PBXFileReference; fileEncoding = 4; lastKnownFileType = sourcecode.c.objc; path = DWUtils.m; sourceTree = "<group>"; };
		FF426D48190EB74900A5D6A6 /* DWUserDefaults.h */ = {isa = PBXFileReference; fileEncoding = 4; lastKnownFileType = sourcecode.c.h; path = DWUserDefaults.h; sourceTree = "<group>"; };
		FF426D49190EB74900A5D6A6 /* DWUserDefaults.m */ = {isa = PBXFileReference; fileEncoding = 4; lastKnownFileType = sourcecode.c.objc; path = DWUserDefaults.m; sourceTree = "<group>"; };
		FF426D4B190EC1AA00A5D6A6 /* DWVerifyAccountViewController.h */ = {isa = PBXFileReference; fileEncoding = 4; lastKnownFileType = sourcecode.c.h; path = DWVerifyAccountViewController.h; sourceTree = "<group>"; };
		FF426D4C190EC1AA00A5D6A6 /* DWVerifyAccountViewController.m */ = {isa = PBXFileReference; fileEncoding = 4; lastKnownFileType = sourcecode.c.objc; path = DWVerifyAccountViewController.m; sourceTree = "<group>"; };
		FF426D4D190EC1AA00A5D6A6 /* DWVerifyAccountViewController.xib */ = {isa = PBXFileReference; fileEncoding = 4; lastKnownFileType = file.xib; path = DWVerifyAccountViewController.xib; sourceTree = "<group>"; };
		FF5A99CC190EFC6200258487 /* ContactObject.h */ = {isa = PBXFileReference; fileEncoding = 4; lastKnownFileType = sourcecode.c.h; path = ContactObject.h; sourceTree = "<group>"; };
		FF5A99CD190EFC6300258487 /* ContactObject.m */ = {isa = PBXFileReference; fileEncoding = 4; lastKnownFileType = sourcecode.c.objc; path = ContactObject.m; sourceTree = "<group>"; };
		FF5A99D0190F7F0800258487 /* cuewer58.png */ = {isa = PBXFileReference; lastKnownFileType = image.png; name = cuewer58.png; path = Cuewer/Images.xcassets/AppIcon.appiconset/cuewer58.png; sourceTree = "<group>"; };
		FF83BD5618EB371E003DD9A6 /* VerifyNet.h */ = {isa = PBXFileReference; fileEncoding = 4; lastKnownFileType = sourcecode.c.h; path = VerifyNet.h; sourceTree = "<group>"; };
		FF83BD5718EB371E003DD9A6 /* VerifyNet.m */ = {isa = PBXFileReference; fileEncoding = 4; lastKnownFileType = sourcecode.c.objc; path = VerifyNet.m; sourceTree = "<group>"; };
		FFEB05FE18E61D0B0057CAB9 /* FacebookSDK.framework */ = {isa = PBXFileReference; lastKnownFileType = wrapper.framework; path = FacebookSDK.framework; sourceTree = "<group>"; };
/* End PBXFileReference section */

/* Begin PBXFrameworksBuildPhase section */
		A706D44818D8AE3400CAC3FF /* Frameworks */ = {
			isa = PBXFrameworksBuildPhase;
			buildActionMask = 2147483647;
			files = (
				A706D45118D8AE3400CAC3FF /* CoreGraphics.framework in Frameworks */,
				FFEB05FF18E61D0B0057CAB9 /* FacebookSDK.framework in Frameworks */,
				C35016CC18E303C00075D812 /* FacebookSDK.framework in Frameworks */,
				A706D45318D8AE3400CAC3FF /* UIKit.framework in Frameworks */,
				A706D44F18D8AE3400CAC3FF /* Foundation.framework in Frameworks */,
				526EB9ED410A4643AE3635EF /* libPods.a in Frameworks */,
			);
			runOnlyForDeploymentPostprocessing = 0;
		};
		A706D46318D8AE3400CAC3FF /* Frameworks */ = {
			isa = PBXFrameworksBuildPhase;
			buildActionMask = 2147483647;
			files = (
				A706D46818D8AE3400CAC3FF /* XCTest.framework in Frameworks */,
				A706D46A18D8AE3400CAC3FF /* UIKit.framework in Frameworks */,
				A706D46918D8AE3400CAC3FF /* Foundation.framework in Frameworks */,
			);
			runOnlyForDeploymentPostprocessing = 0;
		};
/* End PBXFrameworksBuildPhase section */

/* Begin PBXGroup section */
		A706D44218D8AE3400CAC3FF = {
			isa = PBXGroup;
			children = (
				FF5A99CF190EFCB000258487 /* ContactObject */,
				FF426D42190EB0CB00A5D6A6 /* Images */,
				A706D45418D8AE3400CAC3FF /* Cuewer */,
				A706D46D18D8AE3400CAC3FF /* CuewerTests */,
				A706D44D18D8AE3400CAC3FF /* Frameworks */,
				A706D44C18D8AE3400CAC3FF /* Products */,
				F043C7DF07FC4CF39BFF07FF /* Pods.xcconfig */,
			);
			sourceTree = "<group>";
		};
		A706D44C18D8AE3400CAC3FF /* Products */ = {
			isa = PBXGroup;
			children = (
				A706D44B18D8AE3400CAC3FF /* Cuewer.app */,
				A706D46618D8AE3400CAC3FF /* CuewerTests.xctest */,
			);
			name = Products;
			sourceTree = "<group>";
		};
		A706D44D18D8AE3400CAC3FF /* Frameworks */ = {
			isa = PBXGroup;
			children = (
				FFEB05FE18E61D0B0057CAB9 /* FacebookSDK.framework */,
				C35016CB18E303C00075D812 /* FacebookSDK.framework */,
				A706D44E18D8AE3400CAC3FF /* Foundation.framework */,
				A706D45018D8AE3400CAC3FF /* CoreGraphics.framework */,
				A706D45218D8AE3400CAC3FF /* UIKit.framework */,
				A706D46718D8AE3400CAC3FF /* XCTest.framework */,
				2682C78B82C146F5833F42C0 /* libPods.a */,
			);
			name = Frameworks;
			sourceTree = "<group>";
		};
		A706D45418D8AE3400CAC3FF /* Cuewer */ = {
			isa = PBXGroup;
			children = (
				A7CC800518F45CB600E94E1C /* Settings */,
				A7CC800418F45CA200E94E1C /* Ask */,
				A7CC7FF918F44D6900E94E1C /* Contacts */,
				A735565F18EC68A700DEE406 /* Layout */,
				A735565918EC66DD00DEE406 /* Home */,
				FF83BD5918EB4CF1003DD9A6 /* Utils */,
				A706D45D18D8AE3400CAC3FF /* DWAppDelegate.h */,
				A706D45E18D8AE3400CAC3FF /* DWAppDelegate.m */,
				FFEB060618E85DD00057CAB9 /* Login */,
				FFEB060518E85DC30057CAB9 /* SignUp */,
				A706D46018D8AE3400CAC3FF /* Images.xcassets */,
				A706D45518D8AE3400CAC3FF /* Supporting Files */,
			);
			path = Cuewer;
			sourceTree = "<group>";
		};
		A706D45518D8AE3400CAC3FF /* Supporting Files */ = {
			isa = PBXGroup;
			children = (
				A706D45618D8AE3400CAC3FF /* Cuewer-Info.plist */,
				A706D45718D8AE3400CAC3FF /* InfoPlist.strings */,
				A706D45A18D8AE3400CAC3FF /* main.m */,
				A706D45C18D8AE3400CAC3FF /* Cuewer-Prefix.pch */,
			);
			name = "Supporting Files";
			sourceTree = "<group>";
		};
		A706D46D18D8AE3400CAC3FF /* CuewerTests */ = {
			isa = PBXGroup;
			children = (
				A706D47318D8AE3400CAC3FF /* CuewerTests.m */,
				A706D46E18D8AE3400CAC3FF /* Supporting Files */,
			);
			path = CuewerTests;
			sourceTree = "<group>";
		};
		A706D46E18D8AE3400CAC3FF /* Supporting Files */ = {
			isa = PBXGroup;
			children = (
				A706D46F18D8AE3400CAC3FF /* CuewerTests-Info.plist */,
				A706D47018D8AE3400CAC3FF /* InfoPlist.strings */,
			);
			name = "Supporting Files";
			sourceTree = "<group>";
		};
		A735565918EC66DD00DEE406 /* Home */ = {
			isa = PBXGroup;
			children = (
				A735565A18EC67F900DEE406 /* DWHomeViewController.h */,
				A735565B18EC67F900DEE406 /* DWHomeViewController.m */,
				A735565C18EC67F900DEE406 /* DWHomeViewController.xib */,
			);
			name = Home;
			sourceTree = "<group>";
		};
		A735565F18EC68A700DEE406 /* Layout */ = {
			isa = PBXGroup;
			children = (
				A735566018EC68C500DEE406 /* CellView.xib */,
			);
			name = Layout;
			sourceTree = "<group>";
		};
		A7CC7FF918F44D6900E94E1C /* Contacts */ = {
			isa = PBXGroup;
			children = (
				A7CC7FFA18F44D7D00E94E1C /* DWContactsViewController.h */,
				A7CC7FFB18F44D7D00E94E1C /* DWContactsViewController.m */,
				A7CC7FFC18F44D7D00E94E1C /* DWContactsViewController.xib */,
			);
			name = Contacts;
			sourceTree = "<group>";
		};
		A7CC800418F45CA200E94E1C /* Ask */ = {
			isa = PBXGroup;
			children = (
				A7CC7FFF18F45C9C00E94E1C /* DWAskViewController.h */,
				A7CC800018F45C9C00E94E1C /* DWAskViewController.m */,
				A7CC800118F45C9C00E94E1C /* DWAskViewController.xib */,
			);
			name = Ask;
			sourceTree = "<group>";
		};
		A7CC800518F45CB600E94E1C /* Settings */ = {
			isa = PBXGroup;
			children = (
				A7070EC0190D9D830030F7D0 /* DWSettingsViewController.h */,
				A7070EC1190D9D830030F7D0 /* DWSettingsViewController.m */,
				A7070EC2190D9D830030F7D0 /* DWSettingsViewController.xib */,
			);
			name = Settings;
			sourceTree = "<group>";
		};
		FF426D42190EB0CB00A5D6A6 /* Images */ = {
			isa = PBXGroup;
			children = (
				FF5A99D0190F7F0800258487 /* cuewer58.png */,
			);
			name = Images;
			sourceTree = "<group>";
		};
		FF426D47190EB73300A5D6A6 /* UserDefaults */ = {
			isa = PBXGroup;
			children = (
				FF426D48190EB74900A5D6A6 /* DWUserDefaults.h */,
				FF426D49190EB74900A5D6A6 /* DWUserDefaults.m */,
			);
			name = UserDefaults;
			sourceTree = "<group>";
		};
		FF5A99CF190EFCB000258487 /* ContactObject */ = {
			isa = PBXGroup;
			children = (
				FF5A99CC190EFC6200258487 /* ContactObject.h */,
				FF5A99CD190EFC6300258487 /* ContactObject.m */,
			);
			name = ContactObject;
			sourceTree = "<group>";
		};
		FF83BD5518EB3700003DD9A6 /* VerifyNet */ = {
			isa = PBXGroup;
			children = (
				FF83BD5618EB371E003DD9A6 /* VerifyNet.h */,
				FF83BD5718EB371E003DD9A6 /* VerifyNet.m */,
			);
			name = VerifyNet;
			sourceTree = "<group>";
		};
		FF83BD5918EB4CF1003DD9A6 /* Utils */ = {
			isa = PBXGroup;
			children = (
				FF426D47190EB73300A5D6A6 /* UserDefaults */,
				FF83BD5518EB3700003DD9A6 /* VerifyNet */,
				FF426D3F190EAE2600A5D6A6 /* DWUtils.h */,
				FF426D40190EAE2600A5D6A6 /* DWUtils.m */,
			);
			name = Utils;
			sourceTree = "<group>";
		};
		FFEB060518E85DC30057CAB9 /* SignUp */ = {
			isa = PBXGroup;
			children = (
				A767567118D8B63C00897E3C /* SignUpViewController.h */,
				A767567218D8B63C00897E3C /* SignUpViewController.m */,
				A767567318D8B63C00897E3C /* SignUpViewController.xib */,
				FF426D4B190EC1AA00A5D6A6 /* DWVerifyAccountViewController.h */,
				FF426D4C190EC1AA00A5D6A6 /* DWVerifyAccountViewController.m */,
				FF426D4D190EC1AA00A5D6A6 /* DWVerifyAccountViewController.xib */,
			);
			name = SignUp;
			sourceTree = "<group>";
		};
		FFEB060618E85DD00057CAB9 /* Login */ = {
			isa = PBXGroup;
			children = (
				A706D47F18D8AEB200CAC3FF /* DWViewController.h */,
				A706D48018D8AEB200CAC3FF /* DWViewController.m */,
				A706D48218D8AED700CAC3FF /* DWViewController.xib */,
			);
			name = Login;
			sourceTree = "<group>";
		};
/* End PBXGroup section */

/* Begin PBXNativeTarget section */
		A706D44A18D8AE3400CAC3FF /* Cuewer */ = {
			isa = PBXNativeTarget;
			buildConfigurationList = A706D47718D8AE3400CAC3FF /* Build configuration list for PBXNativeTarget "Cuewer" */;
			buildPhases = (
				725EB7296E454753AB210D97 /* Check Pods Manifest.lock */,
				A706D44718D8AE3400CAC3FF /* Sources */,
				A706D44818D8AE3400CAC3FF /* Frameworks */,
				A706D44918D8AE3400CAC3FF /* Resources */,
				7663A88B1122455BBC7D416B /* Copy Pods Resources */,
			);
			buildRules = (
			);
			dependencies = (
			);
			name = Cuewer;
			productName = Cuewer;
			productReference = A706D44B18D8AE3400CAC3FF /* Cuewer.app */;
			productType = "com.apple.product-type.application";
		};
		A706D46518D8AE3400CAC3FF /* CuewerTests */ = {
			isa = PBXNativeTarget;
			buildConfigurationList = A706D47A18D8AE3400CAC3FF /* Build configuration list for PBXNativeTarget "CuewerTests" */;
			buildPhases = (
				A706D46218D8AE3400CAC3FF /* Sources */,
				A706D46318D8AE3400CAC3FF /* Frameworks */,
				A706D46418D8AE3400CAC3FF /* Resources */,
			);
			buildRules = (
			);
			dependencies = (
				A706D46C18D8AE3400CAC3FF /* PBXTargetDependency */,
			);
			name = CuewerTests;
			productName = CuewerTests;
			productReference = A706D46618D8AE3400CAC3FF /* CuewerTests.xctest */;
			productType = "com.apple.product-type.bundle.unit-test";
		};
/* End PBXNativeTarget section */

/* Begin PBXProject section */
		A706D44318D8AE3400CAC3FF /* Project object */ = {
			isa = PBXProject;
			attributes = {
				CLASSPREFIX = DW;
				LastUpgradeCheck = 0510;
				ORGANIZATIONNAME = Demoweb;
				TargetAttributes = {
					A706D44A18D8AE3400CAC3FF = {
						DevelopmentTeam = Z7ZHL6UQDC;
					};
					A706D46518D8AE3400CAC3FF = {
						TestTargetID = A706D44A18D8AE3400CAC3FF;
					};
				};
			};
			buildConfigurationList = A706D44618D8AE3400CAC3FF /* Build configuration list for PBXProject "Cuewer" */;
			compatibilityVersion = "Xcode 3.2";
			developmentRegion = English;
			hasScannedForEncodings = 0;
			knownRegions = (
				en,
			);
			mainGroup = A706D44218D8AE3400CAC3FF;
			productRefGroup = A706D44C18D8AE3400CAC3FF /* Products */;
			projectDirPath = "";
			projectRoot = "";
			targets = (
				A706D44A18D8AE3400CAC3FF /* Cuewer */,
				A706D46518D8AE3400CAC3FF /* CuewerTests */,
			);
		};
/* End PBXProject section */

/* Begin PBXResourcesBuildPhase section */
		A706D44918D8AE3400CAC3FF /* Resources */ = {
			isa = PBXResourcesBuildPhase;
			buildActionMask = 2147483647;
			files = (
				A735565E18EC67F900DEE406 /* DWHomeViewController.xib in Resources */,
				A7CC800318F45C9C00E94E1C /* DWAskViewController.xib in Resources */,
				FF426D4F190EC1AA00A5D6A6 /* DWVerifyAccountViewController.xib in Resources */,
				A706D45918D8AE3400CAC3FF /* InfoPlist.strings in Resources */,
				A706D48318D8AED700CAC3FF /* DWViewController.xib in Resources */,
				A767567518D8B63C00897E3C /* SignUpViewController.xib in Resources */,
				FF5A99D1190F7F0800258487 /* cuewer58.png in Resources */,
				A735566118EC68C500DEE406 /* CellView.xib in Resources */,
				A7CC7FFE18F44D7D00E94E1C /* DWContactsViewController.xib in Resources */,
				A7070EC4190D9D830030F7D0 /* DWSettingsViewController.xib in Resources */,
				A706D46118D8AE3400CAC3FF /* Images.xcassets in Resources */,
			);
			runOnlyForDeploymentPostprocessing = 0;
		};
		A706D46418D8AE3400CAC3FF /* Resources */ = {
			isa = PBXResourcesBuildPhase;
			buildActionMask = 2147483647;
			files = (
				A706D47218D8AE3400CAC3FF /* InfoPlist.strings in Resources */,
			);
			runOnlyForDeploymentPostprocessing = 0;
		};
/* End PBXResourcesBuildPhase section */

/* Begin PBXShellScriptBuildPhase section */
		725EB7296E454753AB210D97 /* Check Pods Manifest.lock */ = {
			isa = PBXShellScriptBuildPhase;
			buildActionMask = 2147483647;
			files = (
			);
			inputPaths = (
			);
			name = "Check Pods Manifest.lock";
			outputPaths = (
			);
			runOnlyForDeploymentPostprocessing = 0;
			shellPath = /bin/sh;
			shellScript = "diff \"${PODS_ROOT}/../Podfile.lock\" \"${PODS_ROOT}/Manifest.lock\" > /dev/null\nif [[ $? != 0 ]] ; then\n    cat << EOM\nerror: The sandbox is not in sync with the Podfile.lock. Run 'pod install' or update your CocoaPods installation.\nEOM\n    exit 1\nfi\n";
			showEnvVarsInLog = 0;
		};
		7663A88B1122455BBC7D416B /* Copy Pods Resources */ = {
			isa = PBXShellScriptBuildPhase;
			buildActionMask = 2147483647;
			files = (
			);
			inputPaths = (
			);
			name = "Copy Pods Resources";
			outputPaths = (
			);
			runOnlyForDeploymentPostprocessing = 0;
			shellPath = /bin/sh;
			shellScript = "\"${SRCROOT}/Pods/Pods-resources.sh\"\n";
			showEnvVarsInLog = 0;
		};
/* End PBXShellScriptBuildPhase section */

/* Begin PBXSourcesBuildPhase section */
		A706D44718D8AE3400CAC3FF /* Sources */ = {
			isa = PBXSourcesBuildPhase;
			buildActionMask = 2147483647;
			files = (
				A706D45B18D8AE3400CAC3FF /* main.m in Sources */,
				A7CC800218F45C9C00E94E1C /* DWAskViewController.m in Sources */,
				A706D48118D8AEB200CAC3FF /* DWViewController.m in Sources */,
				A767567418D8B63C00897E3C /* SignUpViewController.m in Sources */,
				A706D45F18D8AE3400CAC3FF /* DWAppDelegate.m in Sources */,
				A735565D18EC67F900DEE406 /* DWHomeViewController.m in Sources */,
				FF426D4E190EC1AA00A5D6A6 /* DWVerifyAccountViewController.m in Sources */,
				A7CC7FFD18F44D7D00E94E1C /* DWContactsViewController.m in Sources */,
				FF426D4A190EB74900A5D6A6 /* DWUserDefaults.m in Sources */,
				A7070EC3190D9D830030F7D0 /* DWSettingsViewController.m in Sources */,
				FF5A99CE190EFC6300258487 /* ContactObject.m in Sources */,
				FF426D41190EAE2600A5D6A6 /* DWUtils.m in Sources */,
				FF83BD5818EB371E003DD9A6 /* VerifyNet.m in Sources */,
			);
			runOnlyForDeploymentPostprocessing = 0;
		};
		A706D46218D8AE3400CAC3FF /* Sources */ = {
			isa = PBXSourcesBuildPhase;
			buildActionMask = 2147483647;
			files = (
				A706D47418D8AE3400CAC3FF /* CuewerTests.m in Sources */,
			);
			runOnlyForDeploymentPostprocessing = 0;
		};
/* End PBXSourcesBuildPhase section */

/* Begin PBXTargetDependency section */
		A706D46C18D8AE3400CAC3FF /* PBXTargetDependency */ = {
			isa = PBXTargetDependency;
			target = A706D44A18D8AE3400CAC3FF /* Cuewer */;
			targetProxy = A706D46B18D8AE3400CAC3FF /* PBXContainerItemProxy */;
		};
/* End PBXTargetDependency section */

/* Begin PBXVariantGroup section */
		A706D45718D8AE3400CAC3FF /* InfoPlist.strings */ = {
			isa = PBXVariantGroup;
			children = (
				A706D45818D8AE3400CAC3FF /* en */,
			);
			name = InfoPlist.strings;
			sourceTree = "<group>";
		};
		A706D47018D8AE3400CAC3FF /* InfoPlist.strings */ = {
			isa = PBXVariantGroup;
			children = (
				A706D47118D8AE3400CAC3FF /* en */,
			);
			name = InfoPlist.strings;
			sourceTree = "<group>";
		};
/* End PBXVariantGroup section */

/* Begin XCBuildConfiguration section */
		A706D47518D8AE3400CAC3FF /* Debug */ = {
			isa = XCBuildConfiguration;
			buildSettings = {
				ALWAYS_SEARCH_USER_PATHS = NO;
				CLANG_CXX_LANGUAGE_STANDARD = "gnu++0x";
				CLANG_CXX_LIBRARY = "libc++";
				CLANG_ENABLE_MODULES = YES;
				CLANG_ENABLE_OBJC_ARC = YES;
				CLANG_WARN_BOOL_CONVERSION = YES;
				CLANG_WARN_CONSTANT_CONVERSION = YES;
				CLANG_WARN_DIRECT_OBJC_ISA_USAGE = YES_ERROR;
				CLANG_WARN_EMPTY_BODY = YES;
				CLANG_WARN_ENUM_CONVERSION = YES;
				CLANG_WARN_INT_CONVERSION = YES;
				CLANG_WARN_OBJC_ROOT_CLASS = YES_ERROR;
				CLANG_WARN__DUPLICATE_METHOD_MATCH = YES;
				"CODE_SIGN_IDENTITY[sdk=iphoneos*]" = "iPhone Developer";
				COPY_PHASE_STRIP = NO;
				GCC_C_LANGUAGE_STANDARD = gnu99;
				GCC_DYNAMIC_NO_PIC = NO;
				GCC_OPTIMIZATION_LEVEL = 0;
				GCC_PREPROCESSOR_DEFINITIONS = (
					"DEBUG=1",
					"$(inherited)",
				);
				GCC_SYMBOLS_PRIVATE_EXTERN = NO;
				GCC_WARN_64_TO_32_BIT_CONVERSION = YES;
				GCC_WARN_ABOUT_RETURN_TYPE = YES_ERROR;
				GCC_WARN_UNDECLARED_SELECTOR = YES;
				GCC_WARN_UNINITIALIZED_AUTOS = YES_AGGRESSIVE;
				GCC_WARN_UNUSED_FUNCTION = YES;
				GCC_WARN_UNUSED_VARIABLE = YES;
				IPHONEOS_DEPLOYMENT_TARGET = 7.1;
				ONLY_ACTIVE_ARCH = YES;
				SDKROOT = iphoneos;
			};
			name = Debug;
		};
		A706D47618D8AE3400CAC3FF /* Release */ = {
			isa = XCBuildConfiguration;
			buildSettings = {
				ALWAYS_SEARCH_USER_PATHS = NO;
				CLANG_CXX_LANGUAGE_STANDARD = "gnu++0x";
				CLANG_CXX_LIBRARY = "libc++";
				CLANG_ENABLE_MODULES = YES;
				CLANG_ENABLE_OBJC_ARC = YES;
				CLANG_WARN_BOOL_CONVERSION = YES;
				CLANG_WARN_CONSTANT_CONVERSION = YES;
				CLANG_WARN_DIRECT_OBJC_ISA_USAGE = YES_ERROR;
				CLANG_WARN_EMPTY_BODY = YES;
				CLANG_WARN_ENUM_CONVERSION = YES;
				CLANG_WARN_INT_CONVERSION = YES;
				CLANG_WARN_OBJC_ROOT_CLASS = YES_ERROR;
				CLANG_WARN__DUPLICATE_METHOD_MATCH = YES;
				"CODE_SIGN_IDENTITY[sdk=iphoneos*]" = "iPhone Developer";
				COPY_PHASE_STRIP = YES;
				ENABLE_NS_ASSERTIONS = NO;
				GCC_C_LANGUAGE_STANDARD = gnu99;
				GCC_WARN_64_TO_32_BIT_CONVERSION = YES;
				GCC_WARN_ABOUT_RETURN_TYPE = YES_ERROR;
				GCC_WARN_UNDECLARED_SELECTOR = YES;
				GCC_WARN_UNINITIALIZED_AUTOS = YES_AGGRESSIVE;
				GCC_WARN_UNUSED_FUNCTION = YES;
				GCC_WARN_UNUSED_VARIABLE = YES;
				IPHONEOS_DEPLOYMENT_TARGET = 7.1;
				SDKROOT = iphoneos;
				VALIDATE_PRODUCT = YES;
			};
			name = Release;
		};
		A706D47818D8AE3400CAC3FF /* Debug */ = {
			isa = XCBuildConfiguration;
			baseConfigurationReference = F043C7DF07FC4CF39BFF07FF /* Pods.xcconfig */;
			buildSettings = {
				ASSETCATALOG_COMPILER_APPICON_NAME = AppIcon;
				ASSETCATALOG_COMPILER_LAUNCHIMAGE_NAME = LaunchImage;
				CODE_SIGN_IDENTITY = "iPhone Developer";
				"CODE_SIGN_IDENTITY[sdk=iphoneos*]" = "iPhone Developer";
				FRAMEWORK_SEARCH_PATHS = (
					"$(inherited)",
					/Users/administrator/Documents/FacebookSDK,
					"$(PROJECT_DIR)",
				);
				GCC_PRECOMPILE_PREFIX_HEADER = YES;
				GCC_PREFIX_HEADER = "Cuewer/Cuewer-Prefix.pch";
				INFOPLIST_FILE = "Cuewer/Cuewer-Info.plist";
				PRODUCT_NAME = "$(TARGET_NAME)";
				PROVISIONING_PROFILE = "";
				WRAPPER_EXTENSION = app;
			};
			name = Debug;
		};
		A706D47918D8AE3400CAC3FF /* Release */ = {
			isa = XCBuildConfiguration;
			baseConfigurationReference = F043C7DF07FC4CF39BFF07FF /* Pods.xcconfig */;
			buildSettings = {
				ASSETCATALOG_COMPILER_APPICON_NAME = AppIcon;
				ASSETCATALOG_COMPILER_LAUNCHIMAGE_NAME = LaunchImage;
				CODE_SIGN_IDENTITY = "iPhone Developer";
				"CODE_SIGN_IDENTITY[sdk=iphoneos*]" = "iPhone Developer";
				FRAMEWORK_SEARCH_PATHS = (
					"$(inherited)",
					/Users/administrator/Documents/FacebookSDK,
					"$(PROJECT_DIR)",
				);
				GCC_PRECOMPILE_PREFIX_HEADER = YES;
				GCC_PREFIX_HEADER = "Cuewer/Cuewer-Prefix.pch";
				INFOPLIST_FILE = "Cuewer/Cuewer-Info.plist";
				PRODUCT_NAME = "$(TARGET_NAME)";
				PROVISIONING_PROFILE = "";
				WRAPPER_EXTENSION = app;
			};
			name = Release;
		};
		A706D47B18D8AE3400CAC3FF /* Debug */ = {
			isa = XCBuildConfiguration;
			buildSettings = {
				BUNDLE_LOADER = "$(BUILT_PRODUCTS_DIR)/Cuewer.app/Cuewer";
				FRAMEWORK_SEARCH_PATHS = (
					"$(SDKROOT)/Developer/Library/Frameworks",
					"$(inherited)",
					"$(DEVELOPER_FRAMEWORKS_DIR)",
				);
				GCC_PRECOMPILE_PREFIX_HEADER = YES;
				GCC_PREFIX_HEADER = "Cuewer/Cuewer-Prefix.pch";
				GCC_PREPROCESSOR_DEFINITIONS = (
					"DEBUG=1",
					"$(inherited)",
				);
				INFOPLIST_FILE = "CuewerTests/CuewerTests-Info.plist";
				PRODUCT_NAME = "$(TARGET_NAME)";
				TEST_HOST = "$(BUNDLE_LOADER)";
				WRAPPER_EXTENSION = xctest;
			};
			name = Debug;
		};
		A706D47C18D8AE3400CAC3FF /* Release */ = {
			isa = XCBuildConfiguration;
			buildSettings = {
				BUNDLE_LOADER = "$(BUILT_PRODUCTS_DIR)/Cuewer.app/Cuewer";
				FRAMEWORK_SEARCH_PATHS = (
					"$(SDKROOT)/Developer/Library/Frameworks",
					"$(inherited)",
					"$(DEVELOPER_FRAMEWORKS_DIR)",
				);
				GCC_PRECOMPILE_PREFIX_HEADER = YES;
				GCC_PREFIX_HEADER = "Cuewer/Cuewer-Prefix.pch";
				INFOPLIST_FILE = "CuewerTests/CuewerTests-Info.plist";
				PRODUCT_NAME = "$(TARGET_NAME)";
				TEST_HOST = "$(BUNDLE_LOADER)";
				WRAPPER_EXTENSION = xctest;
			};
			name = Release;
		};
/* End XCBuildConfiguration section */

/* Begin XCConfigurationList section */
		A706D44618D8AE3400CAC3FF /* Build configuration list for PBXProject "Cuewer" */ = {
			isa = XCConfigurationList;
			buildConfigurations = (
				A706D47518D8AE3400CAC3FF /* Debug */,
				A706D47618D8AE3400CAC3FF /* Release */,
			);
			defaultConfigurationIsVisible = 0;
			defaultConfigurationName = Release;
		};
		A706D47718D8AE3400CAC3FF /* Build configuration list for PBXNativeTarget "Cuewer" */ = {
			isa = XCConfigurationList;
			buildConfigurations = (
				A706D47818D8AE3400CAC3FF /* Debug */,
				A706D47918D8AE3400CAC3FF /* Release */,
			);
			defaultConfigurationIsVisible = 0;
			defaultConfigurationName = Release;
		};
		A706D47A18D8AE3400CAC3FF /* Build configuration list for PBXNativeTarget "CuewerTests" */ = {
			isa = XCConfigurationList;
			buildConfigurations = (
				A706D47B18D8AE3400CAC3FF /* Debug */,
				A706D47C18D8AE3400CAC3FF /* Release */,
			);
			defaultConfigurationIsVisible = 0;
			defaultConfigurationName = Release;
		};
/* End XCConfigurationList section */
	};
	rootObject = A706D44318D8AE3400CAC3FF /* Project object */;
}
